
Microsoft Visual Studio Solution File, Format Version 12.00
# Visual Studio Version 17
VisualStudioVersion = 17.4.33213.308
MinimumVisualStudioVersion = 10.0.40219.1
Project("{FAE04EC0-301F-11D3-BF4B-00C04F79EFBC}") = "App", "App.csproj", "{D4D897C1-F6BF-47E3-A331-8A83F40C3100}"
EndProject
Global
	GlobalSection(SolutionConfigurationPlatforms) = preSolution
		Debug|Any CPU = Debug|Any CPU
		Release|Any CPU = Release|Any CPU
	EndGlobalSection
	GlobalSection(ProjectConfigurationPlatforms) = postSolution
		{D4D897C1-F6BF-47E3-A331-8A83F40C3100}.Debug|Any CPU.ActiveCfg = Debug|Any CPU
		{D4D897C1-F6BF-47E3-A331-8A83F40C3100}.Debug|Any CPU.Build.0 = Debug|Any CPU
		{D4D897C1-F6BF-47E3-A331-8A83F40C3100}.Release|Any CPU.ActiveCfg = Release|Any CPU
		{D4D897C1-F6BF-47E3-A331-8A83F40C3100}.Release|Any CPU.Build.0 = Release|Any CPU
	EndGlobalSection
	GlobalSection(SolutionProperties) = preSolution
		HideSolutionNode = FALSE
	EndGlobalSection
	GlobalSection(ExtensibilityGlobals) = postSolution
		SolutionGuid = {5FB92720-403A-47CB-823B-A67DE6523072}
	EndGlobalSection
EndGlobal
