
Microsoft Visual Studio Solution File, Format Version 12.00
# Visual Studio Version 16
VisualStudioVersion = 16.0.32413.511
MinimumVisualStudioVersion = 10.0.40219.1
Project("{FAE04EC0-301F-11D3-BF4B-00C04F79EFBC}") = "coursework_TAiFYA", "coursework_TAiFYA.csproj", "{02BF4BFD-2518-4457-B01F-00AD8B7FE752}"
EndProject
Global
	GlobalSection(SolutionConfigurationPlatforms) = preSolution
		Debug|Any CPU = Debug|Any CPU
		Release|Any CPU = Release|Any CPU
	EndGlobalSection
	GlobalSection(ProjectConfigurationPlatforms) = postSolution
		{02BF4BFD-2518-4457-B01F-00AD8B7FE752}.Debug|Any CPU.ActiveCfg = Debug|Any CPU
		{02BF4BFD-2518-4457-B01F-00AD8B7FE752}.Debug|Any CPU.Build.0 = Debug|Any CPU
		{02BF4BFD-2518-4457-B01F-00AD8B7FE752}.Release|Any CPU.ActiveCfg = Release|Any CPU
		{02BF4BFD-2518-4457-B01F-00AD8B7FE752}.Release|Any CPU.Build.0 = Release|Any CPU
	EndGlobalSection
	GlobalSection(SolutionProperties) = preSolution
		HideSolutionNode = FALSE
	EndGlobalSection
	GlobalSection(ExtensibilityGlobals) = postSolution
		SolutionGuid = {DAD14946-6FAF-400D-B86C-5F0D4FBA21E3}
	EndGlobalSection
EndGlobal
