
Microsoft Visual Studio Solution File, Format Version 12.00
# Visual Studio Version 17
VisualStudioVersion = 17.4.33213.308
MinimumVisualStudioVersion = 10.0.40219.1
Project("{FAE04EC0-301F-11D3-BF4B-00C04F79EFBC}") = "work_2", "work_2.csproj", "{744964E5-B69F-4254-A9BE-0E70EBA422F5}"
EndProject
Global
	GlobalSection(SolutionConfigurationPlatforms) = preSolution
		Debug|Any CPU = Debug|Any CPU
		Release|Any CPU = Release|Any CPU
	EndGlobalSection
	GlobalSection(ProjectConfigurationPlatforms) = postSolution
		{744964E5-B69F-4254-A9BE-0E70EBA422F5}.Debug|Any CPU.ActiveCfg = Debug|Any CPU
		{744964E5-B69F-4254-A9BE-0E70EBA422F5}.Debug|Any CPU.Build.0 = Debug|Any CPU
		{744964E5-B69F-4254-A9BE-0E70EBA422F5}.Release|Any CPU.ActiveCfg = Release|Any CPU
		{744964E5-B69F-4254-A9BE-0E70EBA422F5}.Release|Any CPU.Build.0 = Release|Any CPU
	EndGlobalSection
	GlobalSection(SolutionProperties) = preSolution
		HideSolutionNode = FALSE
	EndGlobalSection
	GlobalSection(ExtensibilityGlobals) = postSolution
		SolutionGuid = {F1092B45-9749-45F9-BF02-F54C014131D7}
	EndGlobalSection
EndGlobal
