
Microsoft Visual Studio Solution File, Format Version 12.00
# Visual Studio Version 17
VisualStudioVersion = 17.4.33213.308
MinimumVisualStudioVersion = 10.0.40219.1
Project("{FAE04EC0-301F-11D3-BF4B-00C04F79EFBC}") = "work", "work.csproj", "{4A538323-6FAE-4045-B664-045F911BA29E}"
EndProject
Project("{2150E333-8FDC-42A3-9474-1A3956D46DE8}") = "Solution Items", "Solution Items", "{AEC7E5D2-6771-451F-9696-619978BE2E9C}"
	ProjectSection(SolutionItems) = preProject
		.editorconfig = .editorconfig
	EndProjectSection
EndProject
Global
	GlobalSection(SolutionConfigurationPlatforms) = preSolution
		Debug|Any CPU = Debug|Any CPU
		Release|Any CPU = Release|Any CPU
	EndGlobalSection
	GlobalSection(ProjectConfigurationPlatforms) = postSolution
		{4A538323-6FAE-4045-B664-045F911BA29E}.Debug|Any CPU.ActiveCfg = Debug|Any CPU
		{4A538323-6FAE-4045-B664-045F911BA29E}.Debug|Any CPU.Build.0 = Debug|Any CPU
		{4A538323-6FAE-4045-B664-045F911BA29E}.Release|Any CPU.ActiveCfg = Release|Any CPU
		{4A538323-6FAE-4045-B664-045F911BA29E}.Release|Any CPU.Build.0 = Release|Any CPU
	EndGlobalSection
	GlobalSection(SolutionProperties) = preSolution
		HideSolutionNode = FALSE
	EndGlobalSection
	GlobalSection(ExtensibilityGlobals) = postSolution
		SolutionGuid = {4C3BCDA3-CB3A-44AE-B9F9-F0366C265B1D}
	EndGlobalSection
EndGlobal
