
Microsoft Visual Studio Solution File, Format Version 12.00
# Visual Studio Version 17
VisualStudioVersion = 17.4.33213.308
MinimumVisualStudioVersion = 10.0.40219.1
Project("{FAE04EC0-301F-11D3-BF4B-00C04F79EFBC}") = "work", "work.csproj", "{991DFF79-2B24-4E6B-9643-ECC2CB4E8220}"
EndProject
Global
	GlobalSection(SolutionConfigurationPlatforms) = preSolution
		Debug|Any CPU = Debug|Any CPU
		Release|Any CPU = Release|Any CPU
	EndGlobalSection
	GlobalSection(ProjectConfigurationPlatforms) = postSolution
		{991DFF79-2B24-4E6B-9643-ECC2CB4E8220}.Debug|Any CPU.ActiveCfg = Debug|Any CPU
		{991DFF79-2B24-4E6B-9643-ECC2CB4E8220}.Debug|Any CPU.Build.0 = Debug|Any CPU
		{991DFF79-2B24-4E6B-9643-ECC2CB4E8220}.Release|Any CPU.ActiveCfg = Release|Any CPU
		{991DFF79-2B24-4E6B-9643-ECC2CB4E8220}.Release|Any CPU.Build.0 = Release|Any CPU
	EndGlobalSection
	GlobalSection(SolutionProperties) = preSolution
		HideSolutionNode = FALSE
	EndGlobalSection
	GlobalSection(ExtensibilityGlobals) = postSolution
		SolutionGuid = {80201179-3910-421F-B024-A99FD2444E63}
	EndGlobalSection
EndGlobal
