
Microsoft Visual Studio Solution File, Format Version 12.00
# Visual Studio Version 17
VisualStudioVersion = 17.1.32319.34
MinimumVisualStudioVersion = 10.0.40219.1
Project("{FAE04EC0-301F-11D3-BF4B-00C04F79EFBC}") = "lab10", "lab10.csproj", "{98106A43-787F-4A1E-979C-FFE24AE0A0DB}"
EndProject
Global
	GlobalSection(SolutionConfigurationPlatforms) = preSolution
		Debug|Any CPU = Debug|Any CPU
		Release|Any CPU = Release|Any CPU
	EndGlobalSection
	GlobalSection(ProjectConfigurationPlatforms) = postSolution
		{98106A43-787F-4A1E-979C-FFE24AE0A0DB}.Debug|Any CPU.ActiveCfg = Debug|Any CPU
		{98106A43-787F-4A1E-979C-FFE24AE0A0DB}.Debug|Any CPU.Build.0 = Debug|Any CPU
		{98106A43-787F-4A1E-979C-FFE24AE0A0DB}.Release|Any CPU.ActiveCfg = Release|Any CPU
		{98106A43-787F-4A1E-979C-FFE24AE0A0DB}.Release|Any CPU.Build.0 = Release|Any CPU
	EndGlobalSection
	GlobalSection(SolutionProperties) = preSolution
		HideSolutionNode = FALSE
	EndGlobalSection
	GlobalSection(ExtensibilityGlobals) = postSolution
		SolutionGuid = {6C5B7709-E3C9-496D-9414-5BD9EEC75F3B}
	EndGlobalSection
EndGlobal
