
Microsoft Visual Studio Solution File, Format Version 12.00
# Visual Studio Version 16
VisualStudioVersion = 16.0.31729.503
MinimumVisualStudioVersion = 10.0.40219.1
Project("{FAE04EC0-301F-11D3-BF4B-00C04F79EFBC}") = "LB3", "LB3.csproj", "{87041327-A373-484E-A0FB-67E688101277}"
EndProject
Global
	GlobalSection(SolutionConfigurationPlatforms) = preSolution
		Debug|Any CPU = Debug|Any CPU
		Release|Any CPU = Release|Any CPU
	EndGlobalSection
	GlobalSection(ProjectConfigurationPlatforms) = postSolution
		{87041327-A373-484E-A0FB-67E688101277}.Debug|Any CPU.ActiveCfg = Debug|Any CPU
		{87041327-A373-484E-A0FB-67E688101277}.Debug|Any CPU.Build.0 = Debug|Any CPU
		{87041327-A373-484E-A0FB-67E688101277}.Release|Any CPU.ActiveCfg = Release|Any CPU
		{87041327-A373-484E-A0FB-67E688101277}.Release|Any CPU.Build.0 = Release|Any CPU
	EndGlobalSection
	GlobalSection(SolutionProperties) = preSolution
		HideSolutionNode = FALSE
	EndGlobalSection
	GlobalSection(ExtensibilityGlobals) = postSolution
		SolutionGuid = {33AFD1D2-33CB-4090-9033-5C4AD9BF7B7F}
	EndGlobalSection
EndGlobal
