
Microsoft Visual Studio Solution File, Format Version 12.00
# Visual Studio Version 16
VisualStudioVersion = 16.0.31911.196
MinimumVisualStudioVersion = 10.0.40219.1
Project("{FAE04EC0-301F-11D3-BF4B-00C04F79EFBC}") = "lab_1", "lab_1.csproj", "{97981EDC-0F69-4F5B-A85B-F9DDBA49A122}"
EndProject
Global
	GlobalSection(SolutionConfigurationPlatforms) = preSolution
		Debug|Any CPU = Debug|Any CPU
		Release|Any CPU = Release|Any CPU
	EndGlobalSection
	GlobalSection(ProjectConfigurationPlatforms) = postSolution
		{97981EDC-0F69-4F5B-A85B-F9DDBA49A122}.Debug|Any CPU.ActiveCfg = Debug|Any CPU
		{97981EDC-0F69-4F5B-A85B-F9DDBA49A122}.Debug|Any CPU.Build.0 = Debug|Any CPU
		{97981EDC-0F69-4F5B-A85B-F9DDBA49A122}.Release|Any CPU.ActiveCfg = Release|Any CPU
		{97981EDC-0F69-4F5B-A85B-F9DDBA49A122}.Release|Any CPU.Build.0 = Release|Any CPU
	EndGlobalSection
	GlobalSection(SolutionProperties) = preSolution
		HideSolutionNode = FALSE
	EndGlobalSection
	GlobalSection(ExtensibilityGlobals) = postSolution
		SolutionGuid = {3073DDFD-863A-4839-ACE4-B33ED382A166}
	EndGlobalSection
EndGlobal
