
Microsoft Visual Studio Solution File, Format Version 12.00
# Visual Studio Version 17
VisualStudioVersion = 17.0.32112.339
MinimumVisualStudioVersion = 10.0.40219.1
Project("{FAE04EC0-301F-11D3-BF4B-00C04F79EFBC}") = "LB6", "LB6.csproj", "{6447D5F1-2253-4305-B441-134106E1FFB1}"
EndProject
Global
	GlobalSection(SolutionConfigurationPlatforms) = preSolution
		Debug|Any CPU = Debug|Any CPU
		Release|Any CPU = Release|Any CPU
	EndGlobalSection
	GlobalSection(ProjectConfigurationPlatforms) = postSolution
		{6447D5F1-2253-4305-B441-134106E1FFB1}.Debug|Any CPU.ActiveCfg = Debug|Any CPU
		{6447D5F1-2253-4305-B441-134106E1FFB1}.Debug|Any CPU.Build.0 = Debug|Any CPU
		{6447D5F1-2253-4305-B441-134106E1FFB1}.Release|Any CPU.ActiveCfg = Release|Any CPU
		{6447D5F1-2253-4305-B441-134106E1FFB1}.Release|Any CPU.Build.0 = Release|Any CPU
	EndGlobalSection
	GlobalSection(SolutionProperties) = preSolution
		HideSolutionNode = FALSE
	EndGlobalSection
	GlobalSection(ExtensibilityGlobals) = postSolution
		SolutionGuid = {049FDF06-D2F0-4094-BBDE-D273133FD9A7}
	EndGlobalSection
EndGlobal
