
Microsoft Visual Studio Solution File, Format Version 12.00
# Visual Studio Version 17
VisualStudioVersion = 17.4.33122.133
MinimumVisualStudioVersion = 10.0.40219.1
Project("{FAE04EC0-301F-11D3-BF4B-00C04F79EFBC}") = "lab8", "lab8.csproj", "{068DD414-A3B8-498F-AE98-AF5CBB4337D5}"
EndProject
Global
	GlobalSection(SolutionConfigurationPlatforms) = preSolution
		Debug|Any CPU = Debug|Any CPU
		Release|Any CPU = Release|Any CPU
	EndGlobalSection
	GlobalSection(ProjectConfigurationPlatforms) = postSolution
		{068DD414-A3B8-498F-AE98-AF5CBB4337D5}.Debug|Any CPU.ActiveCfg = Debug|Any CPU
		{068DD414-A3B8-498F-AE98-AF5CBB4337D5}.Debug|Any CPU.Build.0 = Debug|Any CPU
		{068DD414-A3B8-498F-AE98-AF5CBB4337D5}.Release|Any CPU.ActiveCfg = Release|Any CPU
		{068DD414-A3B8-498F-AE98-AF5CBB4337D5}.Release|Any CPU.Build.0 = Release|Any CPU
	EndGlobalSection
	GlobalSection(SolutionProperties) = preSolution
		HideSolutionNode = FALSE
	EndGlobalSection
	GlobalSection(ExtensibilityGlobals) = postSolution
		SolutionGuid = {376BA930-33A2-40BC-AE04-B9570D8038D5}
	EndGlobalSection
EndGlobal
