
Microsoft Visual Studio Solution File, Format Version 12.00
# Visual Studio Version 16
VisualStudioVersion = 16.0.31911.196
MinimumVisualStudioVersion = 10.0.40219.1
Project("{FAE04EC0-301F-11D3-BF4B-00C04F79EFBC}") = "lab345", "lab345.csproj", "{FED049BC-CE6B-4DD5-A7C3-10FCE3346104}"
EndProject
Global
	GlobalSection(SolutionConfigurationPlatforms) = preSolution
		Debug|Any CPU = Debug|Any CPU
		Release|Any CPU = Release|Any CPU
	EndGlobalSection
	GlobalSection(ProjectConfigurationPlatforms) = postSolution
		{FED049BC-CE6B-4DD5-A7C3-10FCE3346104}.Debug|Any CPU.ActiveCfg = Debug|Any CPU
		{FED049BC-CE6B-4DD5-A7C3-10FCE3346104}.Debug|Any CPU.Build.0 = Debug|Any CPU
		{FED049BC-CE6B-4DD5-A7C3-10FCE3346104}.Release|Any CPU.ActiveCfg = Release|Any CPU
		{FED049BC-CE6B-4DD5-A7C3-10FCE3346104}.Release|Any CPU.Build.0 = Release|Any CPU
	EndGlobalSection
	GlobalSection(SolutionProperties) = preSolution
		HideSolutionNode = FALSE
	EndGlobalSection
	GlobalSection(ExtensibilityGlobals) = postSolution
		SolutionGuid = {30023AC6-F022-4915-A336-5E105D359842}
	EndGlobalSection
EndGlobal
