
Microsoft Visual Studio Solution File, Format Version 12.00
# Visual Studio Version 17
VisualStudioVersion = 17.4.33213.308
MinimumVisualStudioVersion = 10.0.40219.1
Project("{FAE04EC0-301F-11D3-BF4B-00C04F79EFBC}") = "work", "work.csproj", "{235B2954-8A5C-47DE-9404-A100DB5AB0C0}"
EndProject
Global
	GlobalSection(SolutionConfigurationPlatforms) = preSolution
		Debug|Any CPU = Debug|Any CPU
		Release|Any CPU = Release|Any CPU
	EndGlobalSection
	GlobalSection(ProjectConfigurationPlatforms) = postSolution
		{235B2954-8A5C-47DE-9404-A100DB5AB0C0}.Debug|Any CPU.ActiveCfg = Debug|Any CPU
		{235B2954-8A5C-47DE-9404-A100DB5AB0C0}.Debug|Any CPU.Build.0 = Debug|Any CPU
		{235B2954-8A5C-47DE-9404-A100DB5AB0C0}.Release|Any CPU.ActiveCfg = Release|Any CPU
		{235B2954-8A5C-47DE-9404-A100DB5AB0C0}.Release|Any CPU.Build.0 = Release|Any CPU
	EndGlobalSection
	GlobalSection(SolutionProperties) = preSolution
		HideSolutionNode = FALSE
	EndGlobalSection
	GlobalSection(ExtensibilityGlobals) = postSolution
		SolutionGuid = {35DA1C64-4B53-48FA-B6A8-880FBFCC6110}
	EndGlobalSection
EndGlobal
