
Microsoft Visual Studio Solution File, Format Version 12.00
# Visual Studio Version 17
VisualStudioVersion = 17.4.33213.308
MinimumVisualStudioVersion = 10.0.40219.1
Project("{FAE04EC0-301F-11D3-BF4B-00C04F79EFBC}") = "work", "work.csproj", "{03EF1E7F-3937-4A52-B728-030E6B9502EE}"
EndProject
Global
	GlobalSection(SolutionConfigurationPlatforms) = preSolution
		Debug|Any CPU = Debug|Any CPU
		Release|Any CPU = Release|Any CPU
	EndGlobalSection
	GlobalSection(ProjectConfigurationPlatforms) = postSolution
		{03EF1E7F-3937-4A52-B728-030E6B9502EE}.Debug|Any CPU.ActiveCfg = Debug|Any CPU
		{03EF1E7F-3937-4A52-B728-030E6B9502EE}.Debug|Any CPU.Build.0 = Debug|Any CPU
		{03EF1E7F-3937-4A52-B728-030E6B9502EE}.Release|Any CPU.ActiveCfg = Release|Any CPU
		{03EF1E7F-3937-4A52-B728-030E6B9502EE}.Release|Any CPU.Build.0 = Release|Any CPU
	EndGlobalSection
	GlobalSection(SolutionProperties) = preSolution
		HideSolutionNode = FALSE
	EndGlobalSection
	GlobalSection(ExtensibilityGlobals) = postSolution
		SolutionGuid = {7CD7F108-7000-4234-89E7-D7928E67CE25}
	EndGlobalSection
EndGlobal
